
Microsoft Visual Studio Solution File, Format Version 12.00
# Visual Studio Version 16
VisualStudioVersion = 16.0.30711.63
MinimumVisualStudioVersion = 10.0.40219.1
Project("{FAE04EC0-301F-11D3-BF4B-00C04F79EFBC}") = "Nindo.Mobile.Android", "src\Nindo.Mobile.Android\Nindo.Mobile.Android.csproj", "{3F9B112F-793C-4553-99E4-EABBB00E44A7}"
EndProject
Project("{FAE04EC0-301F-11D3-BF4B-00C04F79EFBC}") = "Nindo.Mobile.iOS", "src\Nindo.Mobile.iOS\Nindo.Mobile.iOS.csproj", "{74FCE365-17F5-4E50-8BAA-6260C061DF29}"
EndProject
Project("{9A19103F-16F7-4668-BE54-9A1E7A4F7556}") = "Nindo.Mobile", "src\Nindo.Mobile\Nindo.Mobile.csproj", "{94E08B57-4CD7-4016-A340-671A43399D28}"
EndProject
Project("{FAE04EC0-301F-11D3-BF4B-00C04F79EFBC}") = "Nindo.Common", "src\Nindo.Common\Nindo.Common.csproj", "{3502BF5A-9FAD-4A31-A12D-72BAC7016DEB}"
EndProject
Global
	GlobalSection(SolutionConfigurationPlatforms) = preSolution
		Debug|Any CPU = Debug|Any CPU
		Debug|iPhone = Debug|iPhone
		Debug|iPhoneSimulator = Debug|iPhoneSimulator
		Release|Any CPU = Release|Any CPU
		Release|iPhone = Release|iPhone
		Release|iPhoneSimulator = Release|iPhoneSimulator
	EndGlobalSection
	GlobalSection(ProjectConfigurationPlatforms) = postSolution
		{3F9B112F-793C-4553-99E4-EABBB00E44A7}.Debug|Any CPU.ActiveCfg = Debug|Any CPU
		{3F9B112F-793C-4553-99E4-EABBB00E44A7}.Debug|Any CPU.Build.0 = Debug|Any CPU
		{3F9B112F-793C-4553-99E4-EABBB00E44A7}.Debug|Any CPU.Deploy.0 = Debug|Any CPU
		{3F9B112F-793C-4553-99E4-EABBB00E44A7}.Debug|iPhone.ActiveCfg = Debug|Any CPU
		{3F9B112F-793C-4553-99E4-EABBB00E44A7}.Debug|iPhone.Build.0 = Debug|Any CPU
		{3F9B112F-793C-4553-99E4-EABBB00E44A7}.Debug|iPhone.Deploy.0 = Debug|Any CPU
		{3F9B112F-793C-4553-99E4-EABBB00E44A7}.Debug|iPhoneSimulator.ActiveCfg = Debug|Any CPU
		{3F9B112F-793C-4553-99E4-EABBB00E44A7}.Debug|iPhoneSimulator.Build.0 = Debug|Any CPU
		{3F9B112F-793C-4553-99E4-EABBB00E44A7}.Debug|iPhoneSimulator.Deploy.0 = Debug|Any CPU
		{3F9B112F-793C-4553-99E4-EABBB00E44A7}.Release|Any CPU.ActiveCfg = Release|Any CPU
		{3F9B112F-793C-4553-99E4-EABBB00E44A7}.Release|Any CPU.Build.0 = Release|Any CPU
		{3F9B112F-793C-4553-99E4-EABBB00E44A7}.Release|Any CPU.Deploy.0 = Release|Any CPU
		{3F9B112F-793C-4553-99E4-EABBB00E44A7}.Release|iPhone.ActiveCfg = Release|Any CPU
		{3F9B112F-793C-4553-99E4-EABBB00E44A7}.Release|iPhone.Build.0 = Release|Any CPU
		{3F9B112F-793C-4553-99E4-EABBB00E44A7}.Release|iPhone.Deploy.0 = Release|Any CPU
		{3F9B112F-793C-4553-99E4-EABBB00E44A7}.Release|iPhoneSimulator.ActiveCfg = Release|Any CPU
		{3F9B112F-793C-4553-99E4-EABBB00E44A7}.Release|iPhoneSimulator.Build.0 = Release|Any CPU
		{3F9B112F-793C-4553-99E4-EABBB00E44A7}.Release|iPhoneSimulator.Deploy.0 = Release|Any CPU
		{74FCE365-17F5-4E50-8BAA-6260C061DF29}.Debug|Any CPU.ActiveCfg = Debug|iPhone
		{74FCE365-17F5-4E50-8BAA-6260C061DF29}.Debug|Any CPU.Build.0 = Debug|iPhone
		{74FCE365-17F5-4E50-8BAA-6260C061DF29}.Debug|Any CPU.Deploy.0 = Debug|iPhone
		{74FCE365-17F5-4E50-8BAA-6260C061DF29}.Debug|iPhone.ActiveCfg = Debug|iPhone
		{74FCE365-17F5-4E50-8BAA-6260C061DF29}.Debug|iPhone.Build.0 = Debug|iPhone
		{74FCE365-17F5-4E50-8BAA-6260C061DF29}.Debug|iPhone.Deploy.0 = Debug|iPhone
		{74FCE365-17F5-4E50-8BAA-6260C061DF29}.Debug|iPhoneSimulator.ActiveCfg = Debug|iPhoneSimulator
		{74FCE365-17F5-4E50-8BAA-6260C061DF29}.Debug|iPhoneSimulator.Build.0 = Debug|iPhoneSimulator
		{74FCE365-17F5-4E50-8BAA-6260C061DF29}.Debug|iPhoneSimulator.Deploy.0 = Debug|iPhoneSimulator
		{74FCE365-17F5-4E50-8BAA-6260C061DF29}.Release|Any CPU.ActiveCfg = Release|iPhoneSimulator
		{74FCE365-17F5-4E50-8BAA-6260C061DF29}.Release|Any CPU.Build.0 = Release|iPhoneSimulator
		{74FCE365-17F5-4E50-8BAA-6260C061DF29}.Release|Any CPU.Deploy.0 = Release|iPhoneSimulator
		{74FCE365-17F5-4E50-8BAA-6260C061DF29}.Release|iPhone.ActiveCfg = Release|iPhone
		{74FCE365-17F5-4E50-8BAA-6260C061DF29}.Release|iPhone.Build.0 = Release|iPhone
		{74FCE365-17F5-4E50-8BAA-6260C061DF29}.Release|iPhone.Deploy.0 = Release|iPhone
		{74FCE365-17F5-4E50-8BAA-6260C061DF29}.Release|iPhoneSimulator.ActiveCfg = Release|iPhoneSimulator
		{74FCE365-17F5-4E50-8BAA-6260C061DF29}.Release|iPhoneSimulator.Build.0 = Release|iPhoneSimulator
		{74FCE365-17F5-4E50-8BAA-6260C061DF29}.Release|iPhoneSimulator.Deploy.0 = Release|iPhoneSimulator
		{94E08B57-4CD7-4016-A340-671A43399D28}.Debug|Any CPU.ActiveCfg = Debug|Any CPU
		{94E08B57-4CD7-4016-A340-671A43399D28}.Debug|Any CPU.Build.0 = Debug|Any CPU
		{94E08B57-4CD7-4016-A340-671A43399D28}.Debug|Any CPU.Deploy.0 = Debug|Any CPU
		{94E08B57-4CD7-4016-A340-671A43399D28}.Debug|iPhone.ActiveCfg = Debug|Any CPU
		{94E08B57-4CD7-4016-A340-671A43399D28}.Debug|iPhone.Build.0 = Debug|Any CPU
		{94E08B57-4CD7-4016-A340-671A43399D28}.Debug|iPhone.Deploy.0 = Debug|Any CPU
		{94E08B57-4CD7-4016-A340-671A43399D28}.Debug|iPhoneSimulator.ActiveCfg = Debug|Any CPU
		{94E08B57-4CD7-4016-A340-671A43399D28}.Debug|iPhoneSimulator.Build.0 = Debug|Any CPU
		{94E08B57-4CD7-4016-A340-671A43399D28}.Debug|iPhoneSimulator.Deploy.0 = Debug|Any CPU
		{94E08B57-4CD7-4016-A340-671A43399D28}.Release|Any CPU.ActiveCfg = Release|Any CPU
		{94E08B57-4CD7-4016-A340-671A43399D28}.Release|Any CPU.Build.0 = Release|Any CPU
		{94E08B57-4CD7-4016-A340-671A43399D28}.Release|Any CPU.Deploy.0 = Release|Any CPU
		{94E08B57-4CD7-4016-A340-671A43399D28}.Release|iPhone.ActiveCfg = Release|Any CPU
		{94E08B57-4CD7-4016-A340-671A43399D28}.Release|iPhone.Build.0 = Release|Any CPU
		{94E08B57-4CD7-4016-A340-671A43399D28}.Release|iPhone.Deploy.0 = Release|Any CPU
		{94E08B57-4CD7-4016-A340-671A43399D28}.Release|iPhoneSimulator.ActiveCfg = Release|Any CPU
		{94E08B57-4CD7-4016-A340-671A43399D28}.Release|iPhoneSimulator.Build.0 = Release|Any CPU
		{94E08B57-4CD7-4016-A340-671A43399D28}.Release|iPhoneSimulator.Deploy.0 = Release|Any CPU
		{3502BF5A-9FAD-4A31-A12D-72BAC7016DEB}.Debug|Any CPU.ActiveCfg = Debug|Any CPU
		{3502BF5A-9FAD-4A31-A12D-72BAC7016DEB}.Debug|Any CPU.Build.0 = Debug|Any CPU
		{3502BF5A-9FAD-4A31-A12D-72BAC7016DEB}.Debug|iPhone.ActiveCfg = Debug|Any CPU
		{3502BF5A-9FAD-4A31-A12D-72BAC7016DEB}.Debug|iPhone.Build.0 = Debug|Any CPU
		{3502BF5A-9FAD-4A31-A12D-72BAC7016DEB}.Debug|iPhoneSimulator.ActiveCfg = Debug|Any CPU
		{3502BF5A-9FAD-4A31-A12D-72BAC7016DEB}.Debug|iPhoneSimulator.Build.0 = Debug|Any CPU
		{3502BF5A-9FAD-4A31-A12D-72BAC7016DEB}.Release|Any CPU.ActiveCfg = Release|Any CPU
		{3502BF5A-9FAD-4A31-A12D-72BAC7016DEB}.Release|Any CPU.Build.0 = Release|Any CPU
		{3502BF5A-9FAD-4A31-A12D-72BAC7016DEB}.Release|iPhone.ActiveCfg = Release|Any CPU
		{3502BF5A-9FAD-4A31-A12D-72BAC7016DEB}.Release|iPhone.Build.0 = Release|Any CPU
		{3502BF5A-9FAD-4A31-A12D-72BAC7016DEB}.Release|iPhoneSimulator.ActiveCfg = Release|Any CPU
		{3502BF5A-9FAD-4A31-A12D-72BAC7016DEB}.Release|iPhoneSimulator.Build.0 = Release|Any CPU
	EndGlobalSection
	GlobalSection(SolutionProperties) = preSolution
		HideSolutionNode = FALSE
	EndGlobalSection
	GlobalSection(ExtensibilityGlobals) = postSolution
		SolutionGuid = {DD6C18C9-0A76-4D60-B0CF-8A1EC3CEFC4B}
	EndGlobalSection
EndGlobal
